{
    "name": "pack-format",
    "version": "1.4.3",
    "lockfileVersion": 2,
    "requires": true,
    "packages": {
        "": {
            "name": "pack-format",
            "version": "1.4.3",
            "license": "ISC",
            "bin": {
                "pack-format": "bin/index.js"
            },
            "devDependencies": {
                "@types/node": "ts5.0",
                "typescript": "~5.0.4 <5.1"
            },
            "engines": {
                "node": ">=12",
                "npm": "<9"
            }
        },
        "node_modules/@types/node": {
            "version": "22.8.7",
            "resolved": "https://registry.npmjs.org/@types/node/-/node-22.8.7.tgz",
            "integrity": "sha512-LidcG+2UeYIWcMuMUpBKOnryBWG/rnmOHQR5apjn8myTQcx3rinFRn7DcIFhMnS0PPFSC6OafdIKEad0lj6U0Q==",
            "dev": true,
            "dependencies": {
                "undici-types": "~6.19.8"
            }
        },
        "node_modules/typescript": {
            "version": "5.0.4",
            "resolved": "https://registry.npmjs.org/typescript/-/typescript-5.0.4.tgz",
            "integrity": "sha512-cW9T5W9xY37cc+jfEnaUvX91foxtHkza3Nw3wkoF4sSlKn0MONdkdEndig/qPBWXNkmplh3NzayQzCiHM4/hqw==",
            "dev": true,
            "bin": {
                "tsc": "bin/tsc",
                "tsserver": "bin/tsserver"
            },
            "engines": {
                "node": ">=12.20"
            }
        },
        "node_modules/undici-types": {
            "version": "6.19.8",
            "resolved": "https://registry.npmjs.org/undici-types/-/undici-types-6.19.8.tgz",
            "integrity": "sha512-ve2KP6f/JnbPBFyobGHuerC9g1FYGn/F8n1LWTwNxCEzd6IfqTwUQcNXgEtmmQ6DlRrC1hrSrBnCZPokRrDHjw==",
            "dev": true
        }
    },
    "dependencies": {
        "@types/node": {
            "version": "22.8.7",
            "resolved": "https://registry.npmjs.org/@types/node/-/node-22.8.7.tgz",
            "integrity": "sha512-LidcG+2UeYIWcMuMUpBKOnryBWG/rnmOHQR5apjn8myTQcx3rinFRn7DcIFhMnS0PPFSC6OafdIKEad0lj6U0Q==",
            "dev": true,
            "requires": {
                "undici-types": "~6.19.8"
            }
        },
        "typescript": {
            "version": "5.0.4",
            "resolved": "https://registry.npmjs.org/typescript/-/typescript-5.0.4.tgz",
            "integrity": "sha512-cW9T5W9xY37cc+jfEnaUvX91foxtHkza3Nw3wkoF4sSlKn0MONdkdEndig/qPBWXNkmplh3NzayQzCiHM4/hqw==",
            "dev": true
        },
        "undici-types": {
            "version": "6.19.8",
            "resolved": "https://registry.npmjs.org/undici-types/-/undici-types-6.19.8.tgz",
            "integrity": "sha512-ve2KP6f/JnbPBFyobGHuerC9g1FYGn/F8n1LWTwNxCEzd6IfqTwUQcNXgEtmmQ6DlRrC1hrSrBnCZPokRrDHjw==",
            "dev": true
        }
    }
}
