{
    "name": "pack-format",
    "version": "1.2.2",
    "lockfileVersion": 2,
    "requires": true,
    "packages": {
        "": {
            "version": "1.2.2",
            "license": "ISC",
            "bin": {
                "pack-format": "bin/index.js"
            },
            "devDependencies": {
                "@types/node": "ts4.3",
                "typescript": "~4.3.5"
            }
        },
        "node_modules/@types/node": {
            "version": "14.14.37",
            "resolved": "https://registry.npmjs.org/@types/node/-/node-14.14.37.tgz",
            "integrity": "sha512-XYmBiy+ohOR4Lh5jE379fV2IU+6Jn4g5qASinhitfyO71b/sCo6MKsMLF5tc7Zf2CE8hViVQyYSobJNke8OvUw==",
            "dev": true
        },
        "node_modules/typescript": {
            "version": "4.3.5",
            "resolved": "https://registry.npmjs.org/typescript/-/typescript-4.3.5.tgz",
            "integrity": "sha512-DqQgihaQ9cUrskJo9kIyW/+g0Vxsk8cDtZ52a3NGh0YNTfpUSArXSohyUGnvbPazEPLu398C0UxmKSOrPumUzA==",
            "dev": true,
            "bin": {
                "tsc": "bin/tsc",
                "tsserver": "bin/tsserver"
            },
            "engines": {
                "node": ">=4.2.0"
            }
        }
    },
    "dependencies": {
        "@types/node": {
            "version": "14.14.37",
            "resolved": "https://registry.npmjs.org/@types/node/-/node-14.14.37.tgz",
            "integrity": "sha512-XYmBiy+ohOR4Lh5jE379fV2IU+6Jn4g5qASinhitfyO71b/sCo6MKsMLF5tc7Zf2CE8hViVQyYSobJNke8OvUw==",
            "dev": true
        },
        "typescript": {
            "version": "4.3.5",
            "resolved": "https://registry.npmjs.org/typescript/-/typescript-4.3.5.tgz",
            "integrity": "sha512-DqQgihaQ9cUrskJo9kIyW/+g0Vxsk8cDtZ52a3NGh0YNTfpUSArXSohyUGnvbPazEPLu398C0UxmKSOrPumUzA==",
            "dev": true
        }
    }
}
